# This file is automatically @generated by Cargo.
# It is not intended for manual editing.
version = 4

[[package]]
name = "mrml-agent"
version = "0.4.0"
dependencies = [
 "mrml-crypto",
 "mrml-error",
 "mrml-http",
 "mrml-json",
 "mrml-model",
 "mrml-runtime",
 "mrml-terminal-style",
 "mrml-tools",
]

[[package]]
name = "mrml-cli"
version = "0.4.0"
dependencies = [
 "mrml-agent",
 "mrml-error",
 "mrml-runtime",
 "mrml-terminal-style",
 "mrml-tools",
]

[[package]]
name = "mrml-crypto"
version = "0.4.0"
dependencies = [
 "mrml-runtime",
]

[[package]]
name = "mrml-error"
version = "0.4.0"
dependencies = [
 "mrml-json",
 "mrml-runtime",
]

[[package]]
name = "mrml-http"
version = "0.4.0"
dependencies = [
 "mrml-runtime",
 "mrml-tls",
]

[[package]]
name = "mrml-json"
version = "0.4.0"
dependencies = [
 "mrml-runtime",
]

[[package]]
name = "mrml-kernel"
version = "0.4.0"
dependencies = [
 "mrml-crypto",
]

[[package]]
name = "mrml-kernel-bench"
version = "0.4.0"
dependencies = [
 "mrml-kernel",
 "mrml-runtime",
]

[[package]]
name = "mrml-kernel-image"
version = "0.4.0"
dependencies = [
 "mrml-kernel",
]

[[package]]
name = "mrml-kvm"
version = "0.4.0"
dependencies = [
 "mrml-crypto",
 "mrml-kernel",
]

[[package]]
name = "mrml-kvm-run"
version = "0.4.0"
dependencies = [
 "mrml-crypto",
 "mrml-error",
 "mrml-kernel",
 "mrml-kvm",
 "mrml-runtime",
]

[[package]]
name = "mrml-linux"
version = "0.4.0"

[[package]]
name = "mrml-machine"
version = "0.4.0"
dependencies = [
 "mrml-agent",
 "mrml-error",
 "mrml-json",
 "mrml-runtime",
 "mrml-tools",
]

[[package]]
name = "mrml-math"
version = "0.4.0"

[[package]]
name = "mrml-model"
version = "0.4.0"
dependencies = [
 "mrml-json",
 "mrml-runtime",
 "mrml-tensor",
]

[[package]]
name = "mrml-percent-encoding"
version = "0.4.0"
dependencies = [
 "mrml-runtime",
]

[[package]]
name = "mrml-runtime"
version = "0.4.0"
dependencies = [
 "mrml-linux",
 "mrml-windows",
]

[[package]]
name = "mrml-server"
version = "0.4.0"
dependencies = [
 "mrml-agent",
 "mrml-error",
 "mrml-json",
 "mrml-model",
 "mrml-runtime",
 "mrml-terminal-style",
 "mrml-tls",
 "mrml-tools",
]

[[package]]
name = "mrml-sign"
version = "0.4.0"
dependencies = [
 "mrml-crypto",
 "mrml-error",
 "mrml-kernel",
 "mrml-runtime",
]

[[package]]
name = "mrml-tensor"
version = "0.4.0"
dependencies = [
 "mrml-kernel",
 "mrml-linux",
 "mrml-math",
 "mrml-runtime",
 "mrml-windows",
]

[[package]]
name = "mrml-terminal-style"
version = "0.4.0"
dependencies = [
 "mrml-linux",
 "mrml-runtime",
 "mrml-windows",
]

[[package]]
name = "mrml-tls"
version = "0.4.0"
dependencies = [
 "mrml-crypto",
 "mrml-runtime",
]

[[package]]
name = "mrml-tokenizer"
version = "0.4.0"
dependencies = [
 "mrml-runtime",
]

[[package]]
name = "mrml-tools"
version = "0.4.0"
dependencies = [
 "mrml-error",
 "mrml-http",
 "mrml-json",
 "mrml-linux",
 "mrml-percent-encoding",
 "mrml-runtime",
 "mrml-terminal-style",
 "mrml-windows",
]

[[package]]
name = "mrml-trainer"
version = "0.4.0"
dependencies = [
 "mrml-math",
 "mrml-runtime",
 "mrml-tensor",
 "mrml-tokenizer",
 "mrml-wikipedia",
]

[[package]]
name = "mrml-uefi"
version = "0.4.0"
dependencies = [
 "mrml-kernel",
]

[[package]]
name = "mrml-whp"
version = "0.4.0"
dependencies = [
 "mrml-crypto",
 "mrml-kernel",
]

[[package]]
name = "mrml-wikipedia"
version = "0.4.0"
dependencies = [
 "mrml-runtime",
 "mrml-zim",
 "mrml-zstd",
]

[[package]]
name = "mrml-windows"
version = "0.4.0"

[[package]]
name = "mrml-zim"
version = "0.4.0"
dependencies = [
 "mrml-runtime",
]

[[package]]
name = "mrml-zstd"
version = "0.4.0"
dependencies = [
 "mrml-runtime",
]
